// !$*UTF8*$!
{
	archiveVersion = 1;
	classes = {
	};
	objectVersion = 45;
	objects = {

/* Begin PBXBuildFile section */
		100ABEFF13D86F5F00776C8F /* repository.png in Resources */ = {isa = PBXBuildFile; fileRef = 100ABEFE13D86F5F00776C8F /* repository.png */; };
		100ABF0113D8721100776C8F /* settings.png in Resources */ = {isa = PBXBuildFile; fileRef = 100ABF0013D8721100776C8F /* settings.png */; };
		100ABF0313D98B6900776C8F /* samples.png in Resources */ = {isa = PBXBuildFile; fileRef = 100ABF0213D98B6900776C8F /* samples.png */; };
		1067A9D41414142200AC8033 /* SamplesViewController.m in Sources */ = {isa = PBXBuildFile; fileRef = 1067A9C71414142200AC8033 /* SamplesViewController.m */; };
		1067A9D51414142200AC8033 /* ServerSettingsViewController.m in Sources */ = {isa = PBXBuildFile; fileRef = 1067A9C91414142200AC8033 /* ServerSettingsViewController.m */; };
		1067A9D61414142200AC8033 /* ServerSettingsViewController.xib in Resources */ = {isa = PBXBuildFile; fileRef = 1067A9CA1414142200AC8033 /* ServerSettingsViewController.xib */; };
		1067A9D71414142200AC8033 /* ServersViewController.m in Sources */ = {isa = PBXBuildFile; fileRef = 1067A9CC1414142200AC8033 /* ServersViewController.m */; };
		1067A9EA14141A7D00AC8033 /* Sample1.m in Sources */ = {isa = PBXBuildFile; fileRef = 1067A9E914141A7D00AC8033 /* Sample1.m */; };
		1067A9F01414270800AC8033 /* Sample2.m in Sources */ = {isa = PBXBuildFile; fileRef = 1067A9EF1414270800AC8033 /* Sample2.m */; };
		1067A9F31414344000AC8033 /* Sample3.m in Sources */ = {isa = PBXBuildFile; fileRef = 1067A9F21414344000AC8033 /* Sample3.m */; };
		1067A9F51414C6E900AC8033 /* Sample3ViewController.xib in Resources */ = {isa = PBXBuildFile; fileRef = 1067A9F41414C6E800AC8033 /* Sample3ViewController.xib */; };
		1067A9F81414C95700AC8033 /* Sample3ViewController.m in Sources */ = {isa = PBXBuildFile; fileRef = 1067A9F71414C95600AC8033 /* Sample3ViewController.m */; };
		1067A9FB1414D57D00AC8033 /* Sample4.m in Sources */ = {isa = PBXBuildFile; fileRef = 1067A9FA1414D57C00AC8033 /* Sample4.m */; };
		1067A9FF1414D64700AC8033 /* Sample4ViewController.m in Sources */ = {isa = PBXBuildFile; fileRef = 1067A9FD1414D64600AC8033 /* Sample4ViewController.m */; };
		1067AA001414D64700AC8033 /* Sample4ViewController.xib in Resources */ = {isa = PBXBuildFile; fileRef = 1067A9FE1414D64700AC8033 /* Sample4ViewController.xib */; };
		1067AA061414DD1700AC8033 /* Sample6.m in Sources */ = {isa = PBXBuildFile; fileRef = 1067AA021414DD1400AC8033 /* Sample6.m */; };
		1067AA071414DD1700AC8033 /* Sample6ViewController.m in Sources */ = {isa = PBXBuildFile; fileRef = 1067AA041414DD1500AC8033 /* Sample6ViewController.m */; };
		1067AA081414DD1700AC8033 /* Sample6ViewController.xib in Resources */ = {isa = PBXBuildFile; fileRef = 1067AA051414DD1600AC8033 /* Sample6ViewController.xib */; };
		1067AA111415251A00AC8033 /* Sample5.m in Sources */ = {isa = PBXBuildFile; fileRef = 1067AA101415251900AC8033 /* Sample5.m */; };
		1067AA15141525A000AC8033 /* Sample5ViewController.m in Sources */ = {isa = PBXBuildFile; fileRef = 1067AA131415259D00AC8033 /* Sample5ViewController.m */; };
		1067AA16141525A000AC8033 /* Sample5ViewController.xib in Resources */ = {isa = PBXBuildFile; fileRef = 1067AA141415259F00AC8033 /* Sample5ViewController.xib */; };
		1067AA211415586B00AC8033 /* Sample7.m in Sources */ = {isa = PBXBuildFile; fileRef = 1067AA201415586800AC8033 /* Sample7.m */; };
		1067AA251415597800AC8033 /* Sample7ViewController.m in Sources */ = {isa = PBXBuildFile; fileRef = 1067AA231415597400AC8033 /* Sample7ViewController.m */; };
		1067AA261415597800AC8033 /* Sample7ViewController.xib in Resources */ = {isa = PBXBuildFile; fileRef = 1067AA241415597600AC8033 /* Sample7ViewController.xib */; };
		1067AA351418145000AC8033 /* Icon@2x.png in Resources */ = {isa = PBXBuildFile; fileRef = 1067AA341418145000AC8033 /* Icon@2x.png */; };
		1067AA371418187300AC8033 /* Default@2x.png in Resources */ = {isa = PBXBuildFile; fileRef = 1067AA361418187300AC8033 /* Default@2x.png */; };
		1D3623260D0F684500981E51 /* JasperMobileAppDelegate.m in Sources */ = {isa = PBXBuildFile; fileRef = 1D3623250D0F684500981E51 /* JasperMobileAppDelegate.m */; };
		1D60589B0D05DD56006BFB54 /* main.m in Sources */ = {isa = PBXBuildFile; fileRef = 29B97316FDCFA39411CA2CEA /* main.m */; };
		1D60589F0D05DD5A006BFB54 /* Foundation.framework in Frameworks */ = {isa = PBXBuildFile; fileRef = 1D30AB110D05D00D00671497 /* Foundation.framework */; };
		1DF5F4E00D08C38300B7A737 /* UIKit.framework in Frameworks */ = {isa = PBXBuildFile; fileRef = 1DF5F4DF0D08C38300B7A737 /* UIKit.framework */; };
		2892E4100DC94CBA00A64D0F /* CoreGraphics.framework in Frameworks */ = {isa = PBXBuildFile; fileRef = 2892E40F0DC94CBA00A64D0F /* CoreGraphics.framework */; };
		28AD73600D9D9599002E5188 /* MainWindow.xib in Resources */ = {isa = PBXBuildFile; fileRef = 28AD735F0D9D9599002E5188 /* MainWindow.xib */; };
		641A2F0B138FE25700A1DBBE /* ServersViewController.xib in Resources */ = {isa = PBXBuildFile; fileRef = 641A2F0A138FE25700A1DBBE /* ServersViewController.xib */; };
		64252F001350C641005DAD57 /* libxml2.dylib in Frameworks */ = {isa = PBXBuildFile; fileRef = 64252EFF1350C641005DAD57 /* libxml2.dylib */; };
		64252F021350C650005DAD57 /* CFNetwork.framework in Frameworks */ = {isa = PBXBuildFile; fileRef = 64252F011350C650005DAD57 /* CFNetwork.framework */; };
		64252F061350C665005DAD57 /* MobileCoreServices.framework in Frameworks */ = {isa = PBXBuildFile; fileRef = 64252F051350C665005DAD57 /* MobileCoreServices.framework */; };
		64252F081350C675005DAD57 /* SystemConfiguration.framework in Frameworks */ = {isa = PBXBuildFile; fileRef = 64252F071350C675005DAD57 /* SystemConfiguration.framework */; };
		64252F191350C79A005DAD57 /* libz.dylib in Frameworks */ = {isa = PBXBuildFile; fileRef = 64252F181350C79A005DAD57 /* libz.dylib */; };
		64975956139F84F700BA0A66 /* Icon.png in Resources */ = {isa = PBXBuildFile; fileRef = 64975955139F84F700BA0A66 /* Icon.png */; };
		6497595A139F854F00BA0A66 /* Default.png in Resources */ = {isa = PBXBuildFile; fileRef = 64975959139F854F00BA0A66 /* Default.png */; };
		64979521135F197A00FA5BA0 /* SFHFKeychainUtils.m in Sources */ = {isa = PBXBuildFile; fileRef = 64979520135F197A00FA5BA0 /* SFHFKeychainUtils.m */; };
		64979538135F1AB900FA5BA0 /* Security.framework in Frameworks */ = {isa = PBXBuildFile; fileRef = 64979537135F1AB900FA5BA0 /* Security.framework */; };
		649795CF13602DC800FA5BA0 /* QuartzCore.framework in Frameworks */ = {isa = PBXBuildFile; fileRef = 649795CE13602DC800FA5BA0 /* QuartzCore.framework */; };
		64A8072C135397AF00651C3B /* ServersController.xib in Resources */ = {isa = PBXBuildFile; fileRef = 64A8072B135397AF00651C3B /* ServersController.xib */; };
		64A80A33135C497E00651C3B /* Localizable.strings in Resources */ = {isa = PBXBuildFile; fileRef = 64A80A31135C497E00651C3B /* Localizable.strings */; };
/* End PBXBuildFile section */

/* Begin PBXFileReference section */
		100ABEFE13D86F5F00776C8F /* repository.png */ = {isa = PBXFileReference; lastKnownFileType = image.png; name = repository.png; path = icons/repository.png; sourceTree = "<group>"; };
		100ABF0013D8721100776C8F /* settings.png */ = {isa = PBXFileReference; lastKnownFileType = image.png; name = settings.png; path = icons/settings.png; sourceTree = "<group>"; };
		100ABF0213D98B6900776C8F /* samples.png */ = {isa = PBXFileReference; lastKnownFileType = image.png; name = samples.png; path = icons/samples.png; sourceTree = "<group>"; };
		1067A9C61414142200AC8033 /* SamplesViewController.h */ = {isa = PBXFileReference; fileEncoding = 4; lastKnownFileType = sourcecode.c.h; path = SamplesViewController.h; sourceTree = "<group>"; };
		1067A9C71414142200AC8033 /* SamplesViewController.m */ = {isa = PBXFileReference; fileEncoding = 4; lastKnownFileType = sourcecode.c.objc; path = SamplesViewController.m; sourceTree = "<group>"; };
		1067A9C81414142200AC8033 /* ServerSettingsViewController.h */ = {isa = PBXFileReference; fileEncoding = 4; lastKnownFileType = sourcecode.c.h; lineEnding = 0; path = ServerSettingsViewController.h; sourceTree = "<group>"; xcLanguageSpecificationIdentifier = xcode.lang.objcpp; };
		1067A9C91414142200AC8033 /* ServerSettingsViewController.m */ = {isa = PBXFileReference; fileEncoding = 4; lastKnownFileType = sourcecode.c.objc; lineEnding = 0; path = ServerSettingsViewController.m; sourceTree = "<group>"; xcLanguageSpecificationIdentifier = xcode.lang.objc; };
		1067A9CA1414142200AC8033 /* ServerSettingsViewController.xib */ = {isa = PBXFileReference; fileEncoding = 4; lastKnownFileType = file.xib; path = ServerSettingsViewController.xib; sourceTree = "<group>"; };
		1067A9CB1414142200AC8033 /* ServersViewController.h */ = {isa = PBXFileReference; fileEncoding = 4; lastKnownFileType = sourcecode.c.h; lineEnding = 0; path = ServersViewController.h; sourceTree = "<group>"; xcLanguageSpecificationIdentifier = xcode.lang.objcpp; };
		1067A9CC1414142200AC8033 /* ServersViewController.m */ = {isa = PBXFileReference; fileEncoding = 4; lastKnownFileType = sourcecode.c.objc; lineEnding = 0; path = ServersViewController.m; sourceTree = "<group>"; xcLanguageSpecificationIdentifier = xcode.lang.objc; };
		1067A9E51414175D00AC8033 /* AbstractSample.h */ = {isa = PBXFileReference; fileEncoding = 4; lastKnownFileType = sourcecode.c.h; path = AbstractSample.h; sourceTree = "<group>"; };
		1067A9E814141A7D00AC8033 /* Sample1.h */ = {isa = PBXFileReference; fileEncoding = 4; lastKnownFileType = sourcecode.c.h; path = Sample1.h; sourceTree = "<group>"; };
		1067A9E914141A7D00AC8033 /* Sample1.m */ = {isa = PBXFileReference; fileEncoding = 4; lastKnownFileType = sourcecode.c.objc; path = Sample1.m; sourceTree = "<group>"; };
		1067A9EE1414270800AC8033 /* Sample2.h */ = {isa = PBXFileReference; fileEncoding = 4; lastKnownFileType = sourcecode.c.h; path = Sample2.h; sourceTree = "<group>"; };
		1067A9EF1414270800AC8033 /* Sample2.m */ = {isa = PBXFileReference; fileEncoding = 4; lastKnownFileType = sourcecode.c.objc; path = Sample2.m; sourceTree = "<group>"; };
		1067A9F11414343F00AC8033 /* Sample3.h */ = {isa = PBXFileReference; fileEncoding = 4; lastKnownFileType = sourcecode.c.h; path = Sample3.h; sourceTree = "<group>"; };
		1067A9F21414344000AC8033 /* Sample3.m */ = {isa = PBXFileReference; fileEncoding = 4; lastKnownFileType = sourcecode.c.objc; path = Sample3.m; sourceTree = "<group>"; };
		1067A9F41414C6E800AC8033 /* Sample3ViewController.xib */ = {isa = PBXFileReference; fileEncoding = 4; lastKnownFileType = file.xib; path = Sample3ViewController.xib; sourceTree = "<group>"; };
		1067A9F61414C95600AC8033 /* Sample3ViewController.h */ = {isa = PBXFileReference; fileEncoding = 4; lastKnownFileType = sourcecode.c.h; path = Sample3ViewController.h; sourceTree = "<group>"; };
		1067A9F71414C95600AC8033 /* Sample3ViewController.m */ = {isa = PBXFileReference; fileEncoding = 4; lastKnownFileType = sourcecode.c.objc; path = Sample3ViewController.m; sourceTree = "<group>"; };
		1067A9F91414D57C00AC8033 /* Sample4.h */ = {isa = PBXFileReference; fileEncoding = 4; lastKnownFileType = sourcecode.c.h; path = Sample4.h; sourceTree = "<group>"; };
		1067A9FA1414D57C00AC8033 /* Sample4.m */ = {isa = PBXFileReference; fileEncoding = 4; lastKnownFileType = sourcecode.c.objc; path = Sample4.m; sourceTree = "<group>"; };
		1067A9FC1414D64600AC8033 /* Sample4ViewController.h */ = {isa = PBXFileReference; fileEncoding = 4; lastKnownFileType = sourcecode.c.h; path = Sample4ViewController.h; sourceTree = "<group>"; };
		1067A9FD1414D64600AC8033 /* Sample4ViewController.m */ = {isa = PBXFileReference; fileEncoding = 4; lastKnownFileType = sourcecode.c.objc; path = Sample4ViewController.m; sourceTree = "<group>"; };
		1067A9FE1414D64700AC8033 /* Sample4ViewController.xib */ = {isa = PBXFileReference; fileEncoding = 4; lastKnownFileType = file.xib; path = Sample4ViewController.xib; sourceTree = "<group>"; };
		1067AA011414DD1400AC8033 /* Sample6.h */ = {isa = PBXFileReference; fileEncoding = 4; lastKnownFileType = sourcecode.c.h; path = Sample6.h; sourceTree = "<group>"; };
		1067AA021414DD1400AC8033 /* Sample6.m */ = {isa = PBXFileReference; fileEncoding = 4; lastKnownFileType = sourcecode.c.objc; path = Sample6.m; sourceTree = "<group>"; };
		1067AA031414DD1500AC8033 /* Sample6ViewController.h */ = {isa = PBXFileReference; fileEncoding = 4; lastKnownFileType = sourcecode.c.h; path = Sample6ViewController.h; sourceTree = "<group>"; };
		1067AA041414DD1500AC8033 /* Sample6ViewController.m */ = {isa = PBXFileReference; fileEncoding = 4; lastKnownFileType = sourcecode.c.objc; path = Sample6ViewController.m; sourceTree = "<group>"; };
		1067AA051414DD1600AC8033 /* Sample6ViewController.xib */ = {isa = PBXFileReference; fileEncoding = 4; lastKnownFileType = file.xib; path = Sample6ViewController.xib; sourceTree = "<group>"; };
		1067AA0F1415251700AC8033 /* Sample5.h */ = {isa = PBXFileReference; fileEncoding = 4; lastKnownFileType = sourcecode.c.h; path = Sample5.h; sourceTree = "<group>"; };
		1067AA101415251900AC8033 /* Sample5.m */ = {isa = PBXFileReference; fileEncoding = 4; lastKnownFileType = sourcecode.c.objc; path = Sample5.m; sourceTree = "<group>"; };
		1067AA121415259C00AC8033 /* Sample5ViewController.h */ = {isa = PBXFileReference; fileEncoding = 4; lastKnownFileType = sourcecode.c.h; path = Sample5ViewController.h; sourceTree = "<group>"; };
		1067AA131415259D00AC8033 /* Sample5ViewController.m */ = {isa = PBXFileReference; fileEncoding = 4; lastKnownFileType = sourcecode.c.objc; path = Sample5ViewController.m; sourceTree = "<group>"; };
		1067AA141415259F00AC8033 /* Sample5ViewController.xib */ = {isa = PBXFileReference; fileEncoding = 4; lastKnownFileType = file.xib; path = Sample5ViewController.xib; sourceTree = "<group>"; };
		1067AA1F1415586600AC8033 /* Sample7.h */ = {isa = PBXFileReference; fileEncoding = 4; lastKnownFileType = sourcecode.c.h; path = Sample7.h; sourceTree = "<group>"; };
		1067AA201415586800AC8033 /* Sample7.m */ = {isa = PBXFileReference; fileEncoding = 4; lastKnownFileType = sourcecode.c.objc; path = Sample7.m; sourceTree = "<group>"; };
		1067AA221415597300AC8033 /* Sample7ViewController.h */ = {isa = PBXFileReference; fileEncoding = 4; lastKnownFileType = sourcecode.c.h; path = Sample7ViewController.h; sourceTree = "<group>"; };
		1067AA231415597400AC8033 /* Sample7ViewController.m */ = {isa = PBXFileReference; fileEncoding = 4; lastKnownFileType = sourcecode.c.objc; path = Sample7ViewController.m; sourceTree = "<group>"; };
		1067AA241415597600AC8033 /* Sample7ViewController.xib */ = {isa = PBXFileReference; fileEncoding = 4; lastKnownFileType = file.xib; path = Sample7ViewController.xib; sourceTree = "<group>"; };
		1067AA341418145000AC8033 /* Icon@2x.png */ = {isa = PBXFileReference; lastKnownFileType = image.png; path = "Icon@2x.png"; sourceTree = "<group>"; };
		1067AA361418187300AC8033 /* Default@2x.png */ = {isa = PBXFileReference; lastKnownFileType = image.png; path = "Default@2x.png"; sourceTree = "<group>"; };
		1D30AB110D05D00D00671497 /* Foundation.framework */ = {isa = PBXFileReference; lastKnownFileType = wrapper.framework; name = Foundation.framework; path = System/Library/Frameworks/Foundation.framework; sourceTree = SDKROOT; };
		1D3623240D0F684500981E51 /* JasperMobileAppDelegate.h */ = {isa = PBXFileReference; fileEncoding = 4; lastKnownFileType = sourcecode.c.h; lineEnding = 0; path = JasperMobileAppDelegate.h; sourceTree = "<group>"; xcLanguageSpecificationIdentifier = xcode.lang.objcpp; };
		1D3623250D0F684500981E51 /* JasperMobileAppDelegate.m */ = {isa = PBXFileReference; fileEncoding = 4; lastKnownFileType = sourcecode.c.objc; lineEnding = 0; path = JasperMobileAppDelegate.m; sourceTree = "<group>"; xcLanguageSpecificationIdentifier = xcode.lang.objc; };
		1D6058910D05DD3D006BFB54 /* JasperMobile.app */ = {isa = PBXFileReference; explicitFileType = wrapper.application; includeInIndex = 0; path = JasperMobile.app; sourceTree = BUILT_PRODUCTS_DIR; };
		1DF5F4DF0D08C38300B7A737 /* UIKit.framework */ = {isa = PBXFileReference; lastKnownFileType = wrapper.framework; name = UIKit.framework; path = System/Library/Frameworks/UIKit.framework; sourceTree = SDKROOT; };
		2892E40F0DC94CBA00A64D0F /* CoreGraphics.framework */ = {isa = PBXFileReference; lastKnownFileType = wrapper.framework; name = CoreGraphics.framework; path = System/Library/Frameworks/CoreGraphics.framework; sourceTree = SDKROOT; };
		28A0AAE50D9B0CCF005BE974 /* JasperMobile_Prefix.pch */ = {isa = PBXFileReference; fileEncoding = 4; lastKnownFileType = sourcecode.c.h; path = JasperMobile_Prefix.pch; sourceTree = "<group>"; };
		28AD735F0D9D9599002E5188 /* MainWindow.xib */ = {isa = PBXFileReference; lastKnownFileType = file.xib; path = MainWindow.xib; sourceTree = "<group>"; };
		29B97316FDCFA39411CA2CEA /* main.m */ = {isa = PBXFileReference; fileEncoding = 4; lastKnownFileType = sourcecode.c.objc; lineEnding = 0; path = main.m; sourceTree = "<group>"; xcLanguageSpecificationIdentifier = xcode.lang.objc; };
		641A2F0A138FE25700A1DBBE /* ServersViewController.xib */ = {isa = PBXFileReference; lastKnownFileType = file.xib; path = ServersViewController.xib; sourceTree = "<group>"; };
		64252EFF1350C641005DAD57 /* libxml2.dylib */ = {isa = PBXFileReference; lastKnownFileType = "compiled.mach-o.dylib"; name = libxml2.dylib; path = usr/lib/libxml2.dylib; sourceTree = SDKROOT; };
		64252F011350C650005DAD57 /* CFNetwork.framework */ = {isa = PBXFileReference; lastKnownFileType = wrapper.framework; name = CFNetwork.framework; path = System/Library/Frameworks/CFNetwork.framework; sourceTree = SDKROOT; };
		64252F051350C665005DAD57 /* MobileCoreServices.framework */ = {isa = PBXFileReference; lastKnownFileType = wrapper.framework; name = MobileCoreServices.framework; path = System/Library/Frameworks/MobileCoreServices.framework; sourceTree = SDKROOT; };
		64252F071350C675005DAD57 /* SystemConfiguration.framework */ = {isa = PBXFileReference; lastKnownFileType = wrapper.framework; name = SystemConfiguration.framework; path = System/Library/Frameworks/SystemConfiguration.framework; sourceTree = SDKROOT; };
		64252F181350C79A005DAD57 /* libz.dylib */ = {isa = PBXFileReference; lastKnownFileType = "compiled.mach-o.dylib"; name = libz.dylib; path = usr/lib/libz.dylib; sourceTree = SDKROOT; };
		64975955139F84F700BA0A66 /* Icon.png */ = {isa = PBXFileReference; lastKnownFileType = image.png; path = Icon.png; sourceTree = SOURCE_ROOT; };
		64975959139F854F00BA0A66 /* Default.png */ = {isa = PBXFileReference; lastKnownFileType = image.png; path = Default.png; sourceTree = SOURCE_ROOT; };
		6497951F135F197A00FA5BA0 /* SFHFKeychainUtils.h */ = {isa = PBXFileReference; fileEncoding = 4; lastKnownFileType = sourcecode.c.h; name = SFHFKeychainUtils.h; path = SFHF/SFHFKeychainUtils.h; sourceTree = "<group>"; };
		64979520135F197A00FA5BA0 /* SFHFKeychainUtils.m */ = {isa = PBXFileReference; fileEncoding = 4; lastKnownFileType = sourcecode.c.objc; name = SFHFKeychainUtils.m; path = SFHF/SFHFKeychainUtils.m; sourceTree = "<group>"; };
		64979537135F1AB900FA5BA0 /* Security.framework */ = {isa = PBXFileReference; lastKnownFileType = wrapper.framework; name = Security.framework; path = System/Library/Frameworks/Security.framework; sourceTree = SDKROOT; };
		649795CE13602DC800FA5BA0 /* QuartzCore.framework */ = {isa = PBXFileReference; lastKnownFileType = wrapper.framework; name = QuartzCore.framework; path = System/Library/Frameworks/QuartzCore.framework; sourceTree = SDKROOT; };
		64A8072B135397AF00651C3B /* ServersController.xib */ = {isa = PBXFileReference; lastKnownFileType = file.xib; path = ServersController.xib; sourceTree = "<group>"; };
		64A80A32135C497E00651C3B /* en */ = {isa = PBXFileReference; fileEncoding = 4; lastKnownFileType = text.plist.strings; lineEnding = 0; name = en; path = en.lproj/Localizable.strings; sourceTree = "<group>"; xcLanguageSpecificationIdentifier = xcode.lang.simpleColoring; };
		64A80A34135C499200651C3B /* it */ = {isa = PBXFileReference; lastKnownFileType = text.plist.strings; lineEnding = 0; name = it; path = it.lproj/Localizable.strings; sourceTree = "<group>"; xcLanguageSpecificationIdentifier = xcode.lang.simpleColoring; };
		8D1107310486CEB800E47090 /* Jaspersoft-Info.plist */ = {isa = PBXFileReference; fileEncoding = 4; lastKnownFileType = text.plist.xml; path = "Jaspersoft-Info.plist"; plistStructureDefinitionIdentifier = "com.apple.xcode.plist.structure-definition.iphone.info-plist"; sourceTree = "<group>"; };
/* End PBXFileReference section */

/* Begin PBXFrameworksBuildPhase section */
		1D60588F0D05DD3D006BFB54 /* Frameworks */ = {
			isa = PBXFrameworksBuildPhase;
			buildActionMask = 2147483647;
			files = (
				64252F001350C641005DAD57 /* libxml2.dylib in Frameworks */,
				64252F191350C79A005DAD57 /* libz.dylib in Frameworks */,
				1D60589F0D05DD5A006BFB54 /* Foundation.framework in Frameworks */,
				1DF5F4E00D08C38300B7A737 /* UIKit.framework in Frameworks */,
				2892E4100DC94CBA00A64D0F /* CoreGraphics.framework in Frameworks */,
				64252F021350C650005DAD57 /* CFNetwork.framework in Frameworks */,
				64252F061350C665005DAD57 /* MobileCoreServices.framework in Frameworks */,
				64252F081350C675005DAD57 /* SystemConfiguration.framework in Frameworks */,
				64979538135F1AB900FA5BA0 /* Security.framework in Frameworks */,
				649795CF13602DC800FA5BA0 /* QuartzCore.framework in Frameworks */,
			);
			runOnlyForDeploymentPostprocessing = 0;
		};
/* End PBXFrameworksBuildPhase section */

/* Begin PBXGroup section */
		080E96DDFE201D6D7F000001 /* Classes */ = {
			isa = PBXGroup;
			children = (
				1067A9C51414142200AC8033 /* Sample */,
				64979522135F197E00FA5BA0 /* SFHF */,
				1D3623240D0F684500981E51 /* JasperMobileAppDelegate.h */,
				1D3623250D0F684500981E51 /* JasperMobileAppDelegate.m */,
			);
			path = Classes;
			sourceTree = "<group>";
		};
		1067A9C51414142200AC8033 /* Sample */ = {
			isa = PBXGroup;
			children = (
				1067AA221415597300AC8033 /* Sample7ViewController.h */,
				1067AA231415597400AC8033 /* Sample7ViewController.m */,
				1067AA241415597600AC8033 /* Sample7ViewController.xib */,
				1067AA011414DD1400AC8033 /* Sample6.h */,
				1067AA021414DD1400AC8033 /* Sample6.m */,
				1067AA031414DD1500AC8033 /* Sample6ViewController.h */,
				1067AA041414DD1500AC8033 /* Sample6ViewController.m */,
				1067AA051414DD1600AC8033 /* Sample6ViewController.xib */,
				1067A9C61414142200AC8033 /* SamplesViewController.h */,
				1067A9C71414142200AC8033 /* SamplesViewController.m */,
				1067A9C81414142200AC8033 /* ServerSettingsViewController.h */,
				1067A9C91414142200AC8033 /* ServerSettingsViewController.m */,
				1067A9CA1414142200AC8033 /* ServerSettingsViewController.xib */,
				1067A9CB1414142200AC8033 /* ServersViewController.h */,
				1067A9CC1414142200AC8033 /* ServersViewController.m */,
				1067A9E51414175D00AC8033 /* AbstractSample.h */,
				1067A9E814141A7D00AC8033 /* Sample1.h */,
				1067A9E914141A7D00AC8033 /* Sample1.m */,
				1067A9EE1414270800AC8033 /* Sample2.h */,
				1067A9EF1414270800AC8033 /* Sample2.m */,
				1067A9F11414343F00AC8033 /* Sample3.h */,
				1067A9F21414344000AC8033 /* Sample3.m */,
				1067A9F41414C6E800AC8033 /* Sample3ViewController.xib */,
				1067A9F61414C95600AC8033 /* Sample3ViewController.h */,
				1067A9F71414C95600AC8033 /* Sample3ViewController.m */,
				1067A9F91414D57C00AC8033 /* Sample4.h */,
				1067A9FA1414D57C00AC8033 /* Sample4.m */,
				1067A9FC1414D64600AC8033 /* Sample4ViewController.h */,
				1067A9FD1414D64600AC8033 /* Sample4ViewController.m */,
				1067A9FE1414D64700AC8033 /* Sample4ViewController.xib */,
				1067AA0F1415251700AC8033 /* Sample5.h */,
				1067AA101415251900AC8033 /* Sample5.m */,
				1067AA121415259C00AC8033 /* Sample5ViewController.h */,
				1067AA131415259D00AC8033 /* Sample5ViewController.m */,
				1067AA141415259F00AC8033 /* Sample5ViewController.xib */,
				1067AA1F1415586600AC8033 /* Sample7.h */,
				1067AA201415586800AC8033 /* Sample7.m */,
			);
			path = Sample;
			sourceTree = "<group>";
		};
		19C28FACFE9D520D11CA2CBB /* Products */ = {
			isa = PBXGroup;
			children = (
				1D6058910D05DD3D006BFB54 /* JasperMobile.app */,
			);
			name = Products;
			sourceTree = "<group>";
		};
		29B97314FDCFA39411CA2CEA /* CustomTemplate */ = {
			isa = PBXGroup;
			children = (
				080E96DDFE201D6D7F000001 /* Classes */,
				29B97315FDCFA39411CA2CEA /* Other Sources */,
				29B97317FDCFA39411CA2CEA /* Resources */,
				29B97323FDCFA39411CA2CEA /* Frameworks */,
				19C28FACFE9D520D11CA2CBB /* Products */,
			);
			name = CustomTemplate;
			sourceTree = "<group>";
		};
		29B97315FDCFA39411CA2CEA /* Other Sources */ = {
			isa = PBXGroup;
			children = (
				28A0AAE50D9B0CCF005BE974 /* JasperMobile_Prefix.pch */,
				29B97316FDCFA39411CA2CEA /* main.m */,
			);
			name = "Other Sources";
			sourceTree = "<group>";
		};
		29B97317FDCFA39411CA2CEA /* Resources */ = {
			isa = PBXGroup;
			children = (
				64A8072B135397AF00651C3B /* ServersController.xib */,
				1067AA361418187300AC8033 /* Default@2x.png */,
				1067AA341418145000AC8033 /* Icon@2x.png */,
				64975955139F84F700BA0A66 /* Icon.png */,
				64975959139F854F00BA0A66 /* Default.png */,
				100ABF0213D98B6900776C8F /* samples.png */,
				100ABF0013D8721100776C8F /* settings.png */,
				100ABEFE13D86F5F00776C8F /* repository.png */,
				641A2F0A138FE25700A1DBBE /* ServersViewController.xib */,
				28AD735F0D9D9599002E5188 /* MainWindow.xib */,
				8D1107310486CEB800E47090 /* Jaspersoft-Info.plist */,
				64A80A31135C497E00651C3B /* Localizable.strings */,
			);
			name = Resources;
			sourceTree = "<group>";
		};
		29B97323FDCFA39411CA2CEA /* Frameworks */ = {
			isa = PBXGroup;
			children = (
				64252EFF1350C641005DAD57 /* libxml2.dylib */,
				64252F181350C79A005DAD57 /* libz.dylib */,
				64252F051350C665005DAD57 /* MobileCoreServices.framework */,
				64979537135F1AB900FA5BA0 /* Security.framework */,
				649795CE13602DC800FA5BA0 /* QuartzCore.framework */,
				1DF5F4DF0D08C38300B7A737 /* UIKit.framework */,
				1D30AB110D05D00D00671497 /* Foundation.framework */,
				2892E40F0DC94CBA00A64D0F /* CoreGraphics.framework */,
				64252F011350C650005DAD57 /* CFNetwork.framework */,
				64252F071350C675005DAD57 /* SystemConfiguration.framework */,
			);
			name = Frameworks;
			sourceTree = "<group>";
		};
		64979522135F197E00FA5BA0 /* SFHF */ = {
			isa = PBXGroup;
			children = (
				6497951F135F197A00FA5BA0 /* SFHFKeychainUtils.h */,
				64979520135F197A00FA5BA0 /* SFHFKeychainUtils.m */,
			);
			name = SFHF;
			sourceTree = "<group>";
		};
/* End PBXGroup section */

/* Begin PBXNativeTarget section */
		1D6058900D05DD3D006BFB54 /* JasperMobile */ = {
			isa = PBXNativeTarget;
			buildConfigurationList = 1D6058960D05DD3E006BFB54 /* Build configuration list for PBXNativeTarget "JasperMobile" */;
			buildPhases = (
				1D60588D0D05DD3D006BFB54 /* Resources */,
				1D60588E0D05DD3D006BFB54 /* Sources */,
				1D60588F0D05DD3D006BFB54 /* Frameworks */,
			);
			buildRules = (
			);
			dependencies = (
			);
			name = JasperMobile;
			productName = Jaspersoft;
			productReference = 1D6058910D05DD3D006BFB54 /* JasperMobile.app */;
			productType = "com.apple.product-type.application";
		};
/* End PBXNativeTarget section */

/* Begin PBXProject section */
		29B97313FDCFA39411CA2CEA /* Project object */ = {
			isa = PBXProject;
			buildConfigurationList = C01FCF4E08A954540054247B /* Build configuration list for PBXProject "JasperMobile" */;
			compatibilityVersion = "Xcode 3.1";
			developmentRegion = English;
			hasScannedForEncodings = 1;
			knownRegions = (
				English,
				Japanese,
				French,
				German,
				en,
				it,
			);
			mainGroup = 29B97314FDCFA39411CA2CEA /* CustomTemplate */;
			projectDirPath = "";
			projectRoot = "";
			targets = (
				1D6058900D05DD3D006BFB54 /* JasperMobile */,
			);
		};
/* End PBXProject section */

/* Begin PBXResourcesBuildPhase section */
		1D60588D0D05DD3D006BFB54 /* Resources */ = {
			isa = PBXResourcesBuildPhase;
			buildActionMask = 2147483647;
			files = (
				28AD73600D9D9599002E5188 /* MainWindow.xib in Resources */,
				64A8072C135397AF00651C3B /* ServersController.xib in Resources */,
				64A80A33135C497E00651C3B /* Localizable.strings in Resources */,
				641A2F0B138FE25700A1DBBE /* ServersViewController.xib in Resources */,
				64975956139F84F700BA0A66 /* Icon.png in Resources */,
				6497595A139F854F00BA0A66 /* Default.png in Resources */,
				100ABEFF13D86F5F00776C8F /* repository.png in Resources */,
				100ABF0113D8721100776C8F /* settings.png in Resources */,
				100ABF0313D98B6900776C8F /* samples.png in Resources */,
				1067A9D61414142200AC8033 /* ServerSettingsViewController.xib in Resources */,
				1067A9F51414C6E900AC8033 /* Sample3ViewController.xib in Resources */,
				1067AA001414D64700AC8033 /* Sample4ViewController.xib in Resources */,
				1067AA081414DD1700AC8033 /* Sample6ViewController.xib in Resources */,
				1067AA16141525A000AC8033 /* Sample5ViewController.xib in Resources */,
				1067AA261415597800AC8033 /* Sample7ViewController.xib in Resources */,
				1067AA351418145000AC8033 /* Icon@2x.png in Resources */,
				1067AA371418187300AC8033 /* Default@2x.png in Resources */,
			);
			runOnlyForDeploymentPostprocessing = 0;
		};
/* End PBXResourcesBuildPhase section */

/* Begin PBXSourcesBuildPhase section */
		1D60588E0D05DD3D006BFB54 /* Sources */ = {
			isa = PBXSourcesBuildPhase;
			buildActionMask = 2147483647;
			files = (
				1D60589B0D05DD56006BFB54 /* main.m in Sources */,
				1D3623260D0F684500981E51 /* JasperMobileAppDelegate.m in Sources */,
				64979521135F197A00FA5BA0 /* SFHFKeychainUtils.m in Sources */,
				1067A9D41414142200AC8033 /* SamplesViewController.m in Sources */,
				1067A9D51414142200AC8033 /* ServerSettingsViewController.m in Sources */,
				1067A9D71414142200AC8033 /* ServersViewController.m in Sources */,
				1067A9EA14141A7D00AC8033 /* Sample1.m in Sources */,
				1067A9F01414270800AC8033 /* Sample2.m in Sources */,
				1067A9F31414344000AC8033 /* Sample3.m in Sources */,
				1067A9F81414C95700AC8033 /* Sample3ViewController.m in Sources */,
				1067A9FB1414D57D00AC8033 /* Sample4.m in Sources */,
				1067A9FF1414D64700AC8033 /* Sample4ViewController.m in Sources */,
				1067AA061414DD1700AC8033 /* Sample6.m in Sources */,
				1067AA071414DD1700AC8033 /* Sample6ViewController.m in Sources */,
				1067AA111415251A00AC8033 /* Sample5.m in Sources */,
				1067AA15141525A000AC8033 /* Sample5ViewController.m in Sources */,
				1067AA211415586B00AC8033 /* Sample7.m in Sources */,
				1067AA251415597800AC8033 /* Sample7ViewController.m in Sources */,
			);
			runOnlyForDeploymentPostprocessing = 0;
		};
/* End PBXSourcesBuildPhase section */

/* Begin PBXVariantGroup section */
		64A80A31135C497E00651C3B /* Localizable.strings */ = {
			isa = PBXVariantGroup;
			children = (
				64A80A32135C497E00651C3B /* en */,
				64A80A34135C499200651C3B /* it */,
			);
			name = Localizable.strings;
			sourceTree = "<group>";
		};
/* End PBXVariantGroup section */

/* Begin XCBuildConfiguration section */
		1067AA38141831BB00AC8033 /* Distribution */ = {
			isa = XCBuildConfiguration;
			buildSettings = {
				ALWAYS_SEARCH_USER_PATHS = NO;
				ARCHS = (
					"$(ARCHS_STANDARD_32_BIT)",
					armv6,
				);
				CODE_SIGN_IDENTITY = "iPhone Distribution";
				"CODE_SIGN_IDENTITY[sdk=iphoneos*]" = "iPhone Distribution";
				GCC_C_LANGUAGE_STANDARD = c99;
				GCC_WARN_ABOUT_RETURN_TYPE = YES;
				GCC_WARN_UNUSED_VARIABLE = YES;
				IPHONEOS_DEPLOYMENT_TARGET = 3.0;
				OTHER_CFLAGS = "-DNS_BLOCK_ASSERTIONS=1";
				OTHER_LDFLAGS = (
					"-ObjC",
					"-all_load",
				);
				PREBINDING = NO;
				PROVISIONING_PROFILE = "";
				"PROVISIONING_PROFILE[sdk=iphoneos*]" = "";
				SDKROOT = iphoneos;
			};
			name = Distribution;
		};
		1067AA39141831BB00AC8033 /* Distribution */ = {
			isa = XCBuildConfiguration;
			buildSettings = {
				ALWAYS_SEARCH_USER_PATHS = NO;
				ARCHS = "$(ARCHS_STANDARD_32_BIT)";
				CODE_SIGN_IDENTITY = "iPhone Distribution";
				"CODE_SIGN_IDENTITY[sdk=iphoneos*]" = "iPhone Distribution";
				COPY_PHASE_STRIP = YES;
				GCC_PRECOMPILE_PREFIX_HEADER = YES;
				GCC_PREFIX_HEADER = JasperMobile_Prefix.pch;
				HEADER_SEARCH_PATHS = "${SDK_DIR}/usr/include/libxml2/**";
				INFOPLIST_FILE = "Jaspersoft-Info.plist";
				IPHONEOS_DEPLOYMENT_TARGET = 3.0;
				PRODUCT_NAME = JasperMobile;
				PROVISIONING_PROFILE = "";
				"PROVISIONING_PROFILE[sdk=iphoneos*]" = "";
				VALIDATE_PRODUCT = NO;
			};
			name = Distribution;
		};
		1D6058940D05DD3E006BFB54 /* Debug */ = {
			isa = XCBuildConfiguration;
			buildSettings = {
				ALWAYS_SEARCH_USER_PATHS = NO;
				ARCHS = "$(ARCHS_STANDARD_32_BIT)";
				CODE_SIGN_IDENTITY = "iPhone Developer";
				"CODE_SIGN_IDENTITY[sdk=iphoneos*]" = "iPhone Developer";
				COPY_PHASE_STRIP = NO;
				GCC_DYNAMIC_NO_PIC = NO;
				GCC_OPTIMIZATION_LEVEL = 0;
				GCC_PRECOMPILE_PREFIX_HEADER = YES;
				GCC_PREFIX_HEADER = JasperMobile_Prefix.pch;
				HEADER_SEARCH_PATHS = "${SDK_DIR}/usr/include/libxml2/**";
				INFOPLIST_FILE = "Jaspersoft-Info.plist";
				IPHONEOS_DEPLOYMENT_TARGET = 3.0;
				PRODUCT_NAME = JasperMobile;
				PROVISIONING_PROFILE = "";
				"PROVISIONING_PROFILE[sdk=iphoneos*]" = "";
				VALIDATE_PRODUCT = NO;
			};
			name = Debug;
		};
		1D6058950D05DD3E006BFB54 /* Release */ = {
			isa = XCBuildConfiguration;
			buildSettings = {
				ALWAYS_SEARCH_USER_PATHS = NO;
				ARCHS = "$(ARCHS_STANDARD_32_BIT)";
				CODE_SIGN_IDENTITY = "iPhone Developer";
				"CODE_SIGN_IDENTITY[sdk=iphoneos*]" = "iPhone Developer";
				COPY_PHASE_STRIP = YES;
				GCC_PRECOMPILE_PREFIX_HEADER = YES;
				GCC_PREFIX_HEADER = JasperMobile_Prefix.pch;
				HEADER_SEARCH_PATHS = "${SDK_DIR}/usr/include/libxml2/**";
				INFOPLIST_FILE = "Jaspersoft-Info.plist";
				IPHONEOS_DEPLOYMENT_TARGET = 3.0;
				PRODUCT_NAME = JasperMobile;
				PROVISIONING_PROFILE = "";
				"PROVISIONING_PROFILE[sdk=iphoneos*]" = "";
				VALIDATE_PRODUCT = NO;
			};
			name = Release;
		};
		C01FCF4F08A954540054247B /* Debug */ = {
			isa = XCBuildConfiguration;
			buildSettings = {
				ALWAYS_SEARCH_USER_PATHS = NO;
				ARCHS = (
					"$(ARCHS_STANDARD_32_BIT)",
					armv6,
				);
				CODE_SIGN_IDENTITY = "iPhone Developer";
				"CODE_SIGN_IDENTITY[sdk=iphoneos*]" = "iPhone Developer";
				GCC_C_LANGUAGE_STANDARD = c99;
				GCC_WARN_ABOUT_RETURN_TYPE = YES;
				GCC_WARN_UNUSED_VARIABLE = YES;
				IPHONEOS_DEPLOYMENT_TARGET = 3.0;
				OTHER_LDFLAGS = (
					"-ObjC",
					"-all_load",
				);
				PREBINDING = NO;
				PROVISIONING_PROFILE = "";
				"PROVISIONING_PROFILE[sdk=iphoneos*]" = "";
				SDKROOT = iphoneos;
			};
			name = Debug;
		};
		C01FCF5008A954540054247B /* Release */ = {
			isa = XCBuildConfiguration;
			buildSettings = {
				ALWAYS_SEARCH_USER_PATHS = NO;
				ARCHS = (
					"$(ARCHS_STANDARD_32_BIT)",
					armv6,
				);
				CODE_SIGN_IDENTITY = "iPhone Developer";
				"CODE_SIGN_IDENTITY[sdk=iphoneos*]" = "iPhone Developer";
				GCC_C_LANGUAGE_STANDARD = c99;
				GCC_WARN_ABOUT_RETURN_TYPE = YES;
				GCC_WARN_UNUSED_VARIABLE = YES;
				IPHONEOS_DEPLOYMENT_TARGET = 3.0;
				OTHER_CFLAGS = "-DNS_BLOCK_ASSERTIONS=1";
				OTHER_LDFLAGS = (
					"-ObjC",
					"-all_load",
				);
				PREBINDING = NO;
				PROVISIONING_PROFILE = "";
				"PROVISIONING_PROFILE[sdk=iphoneos*]" = "";
				SDKROOT = iphoneos;
			};
			name = Release;
		};
/* End XCBuildConfiguration section */

/* Begin XCConfigurationList section */
		1D6058960D05DD3E006BFB54 /* Build configuration list for PBXNativeTarget "JasperMobile" */ = {
			isa = XCConfigurationList;
			buildConfigurations = (
				1D6058940D05DD3E006BFB54 /* Debug */,
				1D6058950D05DD3E006BFB54 /* Release */,
				1067AA39141831BB00AC8033 /* Distribution */,
			);
			defaultConfigurationIsVisible = 0;
			defaultConfigurationName = Distribution;
		};
		C01FCF4E08A954540054247B /* Build configuration list for PBXProject "JasperMobile" */ = {
			isa = XCConfigurationList;
			buildConfigurations = (
				C01FCF4F08A954540054247B /* Debug */,
				C01FCF5008A954540054247B /* Release */,
				1067AA38141831BB00AC8033 /* Distribution */,
			);
			defaultConfigurationIsVisible = 0;
			defaultConfigurationName = Distribution;
		};
/* End XCConfigurationList section */
	};
	rootObject = 29B97313FDCFA39411CA2CEA /* Project object */;
}
